
Microsoft Visual Studio Solution File, Format Version 12.00
# Visual Studio Version 17
VisualStudioVersion = 17.11.35312.102
MinimumVisualStudioVersion = 10.0.40219.1
Project("{8BC9CEB8-8B4A-11D0-8D11-00A0C91BC942}") = "WEEK05_01", "WEEK05_02\WEEK05_02.vcxproj", "{AEA9E42F-FA21-40B7-951D-BBA4970099FC}"
EndProject
Project("{8BC9CEB8-8B4A-11D0-8D11-00A0C91BC942}") = "WEEK05_02", "WEEK05_03\WEEK05_03.vcxproj", "{7887692C-26FE-4056-B51C-707C9821B3EE}"
EndProject
Project("{8BC9CEB8-8B4A-11D0-8D11-00A0C91BC942}") = "WEEK03_01", "WEEK03-01\WEEK03-01.vcxproj", "{31FE5C32-5667-4B64-8F69-444BABF25D0D}"
EndProject
Project("{8BC9CEB8-8B4A-11D0-8D11-00A0C91BC942}") = "WEEK03_02", "WEEK03_02\WEEK03_02.vcxproj", "{055B13AA-A22D-4734-A837-3587FBFF4FCC}"
EndProject
Project("{8BC9CEB8-8B4A-11D0-8D11-00A0C91BC942}") = "WEEK04_01", "WEEK04_01\WEEK04_01.vcxproj", "{6FBE146E-BF27-4258-B2D1-E4DE1F83880E}"
EndProject
Project("{8BC9CEB8-8B4A-11D0-8D11-00A0C91BC942}") = "WEEK04_02", "WEEK04_02\WEEK04_02.vcxproj", "{74366FE5-71B2-4C3D-8F88-110FA7095D4D}"
EndProject
Project("{8BC9CEB8-8B4A-11D0-8D11-00A0C91BC942}") = "WEEK04_03", "WEEK04_03\WEEK04_03.vcxproj", "{6735A86D-6619-4064-B63E-19A62A1C2317}"
EndProject
Project("{8BC9CEB8-8B4A-11D0-8D11-00A0C91BC942}") = "WEEK06_01", "WEEK06_01\WEEK06_01.vcxproj", "{F55C7FCC-FE09-4B2E-9BA7-03F9C7C21FF1}"
EndProject
Global
	GlobalSection(SolutionConfigurationPlatforms) = preSolution
		Debug|x64 = Debug|x64
		Debug|x86 = Debug|x86
		Release|x64 = Release|x64
		Release|x86 = Release|x86
	EndGlobalSection
	GlobalSection(ProjectConfigurationPlatforms) = postSolution
		{AEA9E42F-FA21-40B7-951D-BBA4970099FC}.Debug|x64.ActiveCfg = Debug|x64
		{AEA9E42F-FA21-40B7-951D-BBA4970099FC}.Debug|x64.Build.0 = Debug|x64
		{AEA9E42F-FA21-40B7-951D-BBA4970099FC}.Debug|x86.ActiveCfg = Debug|Win32
		{AEA9E42F-FA21-40B7-951D-BBA4970099FC}.Debug|x86.Build.0 = Debug|Win32
		{AEA9E42F-FA21-40B7-951D-BBA4970099FC}.Release|x64.ActiveCfg = Release|x64
		{AEA9E42F-FA21-40B7-951D-BBA4970099FC}.Release|x64.Build.0 = Release|x64
		{AEA9E42F-FA21-40B7-951D-BBA4970099FC}.Release|x86.ActiveCfg = Release|Win32
		{AEA9E42F-FA21-40B7-951D-BBA4970099FC}.Release|x86.Build.0 = Release|Win32
		{7887692C-26FE-4056-B51C-707C9821B3EE}.Debug|x64.ActiveCfg = Debug|x64
		{7887692C-26FE-4056-B51C-707C9821B3EE}.Debug|x64.Build.0 = Debug|x64
		{7887692C-26FE-4056-B51C-707C9821B3EE}.Debug|x86.ActiveCfg = Debug|Win32
		{7887692C-26FE-4056-B51C-707C9821B3EE}.Debug|x86.Build.0 = Debug|Win32
		{7887692C-26FE-4056-B51C-707C9821B3EE}.Release|x64.ActiveCfg = Release|x64
		{7887692C-26FE-4056-B51C-707C9821B3EE}.Release|x64.Build.0 = Release|x64
		{7887692C-26FE-4056-B51C-707C9821B3EE}.Release|x86.ActiveCfg = Release|Win32
		{7887692C-26FE-4056-B51C-707C9821B3EE}.Release|x86.Build.0 = Release|Win32
		{31FE5C32-5667-4B64-8F69-444BABF25D0D}.Debug|x64.ActiveCfg = Debug|x64
		{31FE5C32-5667-4B64-8F69-444BABF25D0D}.Debug|x64.Build.0 = Debug|x64
		{31FE5C32-5667-4B64-8F69-444BABF25D0D}.Debug|x86.ActiveCfg = Debug|Win32
		{31FE5C32-5667-4B64-8F69-444BABF25D0D}.Debug|x86.Build.0 = Debug|Win32
		{31FE5C32-5667-4B64-8F69-444BABF25D0D}.Release|x64.ActiveCfg = Release|x64
		{31FE5C32-5667-4B64-8F69-444BABF25D0D}.Release|x64.Build.0 = Release|x64
		{31FE5C32-5667-4B64-8F69-444BABF25D0D}.Release|x86.ActiveCfg = Release|Win32
		{31FE5C32-5667-4B64-8F69-444BABF25D0D}.Release|x86.Build.0 = Release|Win32
		{055B13AA-A22D-4734-A837-3587FBFF4FCC}.Debug|x64.ActiveCfg = Debug|x64
		{055B13AA-A22D-4734-A837-3587FBFF4FCC}.Debug|x64.Build.0 = Debug|x64
		{055B13AA-A22D-4734-A837-3587FBFF4FCC}.Debug|x86.ActiveCfg = Debug|Win32
		{055B13AA-A22D-4734-A837-3587FBFF4FCC}.Debug|x86.Build.0 = Debug|Win32
		{055B13AA-A22D-4734-A837-3587FBFF4FCC}.Release|x64.ActiveCfg = Release|x64
		{055B13AA-A22D-4734-A837-3587FBFF4FCC}.Release|x64.Build.0 = Release|x64
		{055B13AA-A22D-4734-A837-3587FBFF4FCC}.Release|x86.ActiveCfg = Release|Win32
		{055B13AA-A22D-4734-A837-3587FBFF4FCC}.Release|x86.Build.0 = Release|Win32
		{6FBE146E-BF27-4258-B2D1-E4DE1F83880E}.Debug|x64.ActiveCfg = Debug|x64
		{6FBE146E-BF27-4258-B2D1-E4DE1F83880E}.Debug|x64.Build.0 = Debug|x64
		{6FBE146E-BF27-4258-B2D1-E4DE1F83880E}.Debug|x86.ActiveCfg = Debug|Win32
		{6FBE146E-BF27-4258-B2D1-E4DE1F83880E}.Debug|x86.Build.0 = Debug|Win32
		{6FBE146E-BF27-4258-B2D1-E4DE1F83880E}.Release|x64.ActiveCfg = Release|x64
		{6FBE146E-BF27-4258-B2D1-E4DE1F83880E}.Release|x64.Build.0 = Release|x64
		{6FBE146E-BF27-4258-B2D1-E4DE1F83880E}.Release|x86.ActiveCfg = Release|Win32
		{6FBE146E-BF27-4258-B2D1-E4DE1F83880E}.Release|x86.Build.0 = Release|Win32
		{74366FE5-71B2-4C3D-8F88-110FA7095D4D}.Debug|x64.ActiveCfg = Debug|x64
		{74366FE5-71B2-4C3D-8F88-110FA7095D4D}.Debug|x64.Build.0 = Debug|x64
		{74366FE5-71B2-4C3D-8F88-110FA7095D4D}.Debug|x86.ActiveCfg = Debug|Win32
		{74366FE5-71B2-4C3D-8F88-110FA7095D4D}.Debug|x86.Build.0 = Debug|Win32
		{74366FE5-71B2-4C3D-8F88-110FA7095D4D}.Release|x64.ActiveCfg = Release|x64
		{74366FE5-71B2-4C3D-8F88-110FA7095D4D}.Release|x64.Build.0 = Release|x64
		{74366FE5-71B2-4C3D-8F88-110FA7095D4D}.Release|x86.ActiveCfg = Release|Win32
		{74366FE5-71B2-4C3D-8F88-110FA7095D4D}.Release|x86.Build.0 = Release|Win32
		{6735A86D-6619-4064-B63E-19A62A1C2317}.Debug|x64.ActiveCfg = Debug|x64
		{6735A86D-6619-4064-B63E-19A62A1C2317}.Debug|x64.Build.0 = Debug|x64
		{6735A86D-6619-4064-B63E-19A62A1C2317}.Debug|x86.ActiveCfg = Debug|Win32
		{6735A86D-6619-4064-B63E-19A62A1C2317}.Debug|x86.Build.0 = Debug|Win32
		{6735A86D-6619-4064-B63E-19A62A1C2317}.Release|x64.ActiveCfg = Release|x64
		{6735A86D-6619-4064-B63E-19A62A1C2317}.Release|x64.Build.0 = Release|x64
		{6735A86D-6619-4064-B63E-19A62A1C2317}.Release|x86.ActiveCfg = Release|Win32
		{6735A86D-6619-4064-B63E-19A62A1C2317}.Release|x86.Build.0 = Release|Win32
		{F55C7FCC-FE09-4B2E-9BA7-03F9C7C21FF1}.Debug|x64.ActiveCfg = Debug|x64
		{F55C7FCC-FE09-4B2E-9BA7-03F9C7C21FF1}.Debug|x64.Build.0 = Debug|x64
		{F55C7FCC-FE09-4B2E-9BA7-03F9C7C21FF1}.Debug|x86.ActiveCfg = Debug|Win32
		{F55C7FCC-FE09-4B2E-9BA7-03F9C7C21FF1}.Debug|x86.Build.0 = Debug|Win32
		{F55C7FCC-FE09-4B2E-9BA7-03F9C7C21FF1}.Release|x64.ActiveCfg = Release|x64
		{F55C7FCC-FE09-4B2E-9BA7-03F9C7C21FF1}.Release|x64.Build.0 = Release|x64
		{F55C7FCC-FE09-4B2E-9BA7-03F9C7C21FF1}.Release|x86.ActiveCfg = Release|Win32
		{F55C7FCC-FE09-4B2E-9BA7-03F9C7C21FF1}.Release|x86.Build.0 = Release|Win32
	EndGlobalSection
	GlobalSection(SolutionProperties) = preSolution
		HideSolutionNode = FALSE
	EndGlobalSection
	GlobalSection(ExtensibilityGlobals) = postSolution
		SolutionGuid = {04DB4880-8B63-482D-9807-BD8F4BD59768}
	EndGlobalSection
EndGlobal
